# This file is automatically @generated by Poetry 1.5.5 and should not be changed by hand.

[[package]]
name = "pyperclip"
version = "1.9.0"
description = "A cross-platform clipboard module for Python. (Only handles plain text for now.)"
optional = false
python-versions = "*"
files = [
    {file = "pyperclip-1.9.0.tar.gz", hash = "sha256:b7de0142ddc81bfc5c7507eea19da920b92252b548b96186caf94a5e2527d310"},
]

[[package]]
name = "zombiedice"
version = "0.1.6"
description = "A simulator for the dice game Zombie Dice that can run bot AI players."
optional = false
python-versions = "*"
files = [
    {file = "zombiedice-0.1.6.tar.gz", hash = "sha256:de022180e73bc458846007e108538f843f3e85577a216f391dc7283f1e8744f7"},
]

[metadata]
lock-version = "2.0"
python-versions = ">=3.10.0,<3.12"
content-hash = "4f880cde98cf7caaf122a032a0356ba6f8ea2c75c56cbb96abb23670d248312b"
